
Microsoft Visual Studio Solution File, Format Version 12.00
# Visual Studio Version 17
VisualStudioVersion = 17.9.34728.123
MinimumVisualStudioVersion = 10.0.40219.1
Project("{FAE04EC0-301F-11D3-BF4B-00C04F79EFBC}") = "FootballManagementApp", "FootballManagementApp\FootballManagementApp.csproj", "{BCAF4A39-A04E-4553-9C50-80A174A14053}"
EndProject
Global
	GlobalSection(SolutionConfigurationPlatforms) = preSolution
		Debug|Any CPU = Debug|Any CPU
		Release|Any CPU = Release|Any CPU
	EndGlobalSection
	GlobalSection(ProjectConfigurationPlatforms) = postSolution
		{BCAF4A39-A04E-4553-9C50-80A174A14053}.Debug|Any CPU.ActiveCfg = Debug|Any CPU
		{BCAF4A39-A04E-4553-9C50-80A174A14053}.Debug|Any CPU.Build.0 = Debug|Any CPU
		{BCAF4A39-A04E-4553-9C50-80A174A14053}.Release|Any CPU.ActiveCfg = Release|Any CPU
		{BCAF4A39-A04E-4553-9C50-80A174A14053}.Release|Any CPU.Build.0 = Release|Any CPU
	EndGlobalSection
	GlobalSection(SolutionProperties) = preSolution
		HideSolutionNode = FALSE
	EndGlobalSection
	GlobalSection(ExtensibilityGlobals) = postSolution
		SolutionGuid = {FFDBB992-842E-43F1-8C00-8E9AA35D17C5}
	EndGlobalSection
EndGlobal
